// !$*UTF8*$!
{
	archiveVersion = 1;
	classes = {
	};
	objectVersion = 46;
	objects = {

/* Begin PBXBuildFile section */
		22CD9F4A1CF57A5400D3E7A8 /* Interface.storyboard in Resources */ = {isa = PBXBuildFile; fileRef = 22CD9F481CF57A5400D3E7A8 /* Interface.storyboard */; };
		22CD9F4C1CF57A5400D3E7A8 /* Assets.xcassets in Resources */ = {isa = PBXBuildFile; fileRef = 22CD9F4B1CF57A5400D3E7A8 /* Assets.xcassets */; };
		22CD9F531CF57A5400D3E7A8 /* WatchKitExample Extension.appex in Embed App Extensions */ = {isa = PBXBuildFile; fileRef = 22CD9F521CF57A5400D3E7A8 /* WatchKitExample Extension.appex */; settings = {ATTRIBUTES = (RemoveHeadersOnCopy, ); }; };
		22CD9F5B1CF57A5400D3E7A8 /* InterfaceController.m in Sources */ = {isa = PBXBuildFile; fileRef = 22CD9F5A1CF57A5400D3E7A8 /* InterfaceController.m */; };
		22CD9F5E1CF57A5400D3E7A8 /* ExtensionDelegate.m in Sources */ = {isa = PBXBuildFile; fileRef = 22CD9F5D1CF57A5400D3E7A8 /* ExtensionDelegate.m */; };
		22CD9F611CF57A5400D3E7A8 /* NotificationController.m in Sources */ = {isa = PBXBuildFile; fileRef = 22CD9F601CF57A5400D3E7A8 /* NotificationController.m */; };
		22CD9F631CF57A5400D3E7A8 /* Assets.xcassets in Resources */ = {isa = PBXBuildFile; fileRef = 22CD9F621CF57A5400D3E7A8 /* Assets.xcassets */; };
		22CD9F671CF57A5400D3E7A8 /* WatchKitExample.app in Embed Watch Content */ = {isa = PBXBuildFile; fileRef = 22CD9F461CF57A5400D3E7A8 /* WatchKitExample.app */; };
		6B547E6A1CF06B5200E68504 /* main.m in Sources */ = {isa = PBXBuildFile; fileRef = 6B547E691CF06B5200E68504 /* main.m */; };
		6B547E6D1CF06B5200E68504 /* AppDelegate.m in Sources */ = {isa = PBXBuildFile; fileRef = 6B547E6C1CF06B5200E68504 /* AppDelegate.m */; };
		6B547E701CF06B5200E68504 /* ViewController.m in Sources */ = {isa = PBXBuildFile; fileRef = 6B547E6F1CF06B5200E68504 /* ViewController.m */; };
		6B547E731CF06B5200E68504 /* Main.storyboard in Resources */ = {isa = PBXBuildFile; fileRef = 6B547E711CF06B5200E68504 /* Main.storyboard */; };
		6B547E751CF06B5200E68504 /* Assets.xcassets in Resources */ = {isa = PBXBuildFile; fileRef = 6B547E741CF06B5200E68504 /* Assets.xcassets */; };
		6B547E781CF06B5200E68504 /* LaunchScreen.storyboard in Resources */ = {isa = PBXBuildFile; fileRef = 6B547E761CF06B5200E68504 /* LaunchScreen.storyboard */; };
		6B547E831CF06B5200E68504 /* WebViewExampleTests.m in Sources */ = {isa = PBXBuildFile; fileRef = 6B547E821CF06B5200E68504 /* WebViewExampleTests.m */; };
		6B547E8E1CF06B5200E68504 /* WebViewExampleUITests.m in Sources */ = {isa = PBXBuildFile; fileRef = 6B547E8D1CF06B5200E68504 /* WebViewExampleUITests.m */; };
/* End PBXBuildFile section */

/* Begin PBXContainerItemProxy section */
		22CD9F541CF57A5400D3E7A8 /* PBXContainerItemProxy */ = {
			isa = PBXContainerItemProxy;
			containerPortal = 6B547E5D1CF06B5200E68504 /* Project object */;
			proxyType = 1;
			remoteGlobalIDString = 22CD9F511CF57A5400D3E7A8;
			remoteInfo = "WatchKitExample Extension";
		};
		22CD9F651CF57A5400D3E7A8 /* PBXContainerItemProxy */ = {
			isa = PBXContainerItemProxy;
			containerPortal = 6B547E5D1CF06B5200E68504 /* Project object */;
			proxyType = 1;
			remoteGlobalIDString = 22CD9F451CF57A5400D3E7A8;
			remoteInfo = WatchKitExample;
		};
		6B547E7F1CF06B5200E68504 /* PBXContainerItemProxy */ = {
			isa = PBXContainerItemProxy;
			containerPortal = 6B547E5D1CF06B5200E68504 /* Project object */;
			proxyType = 1;
			remoteGlobalIDString = 6B547E641CF06B5200E68504;
			remoteInfo = WebViewExample;
		};
		6B547E8A1CF06B5200E68504 /* PBXContainerItemProxy */ = {
			isa = PBXContainerItemProxy;
			containerPortal = 6B547E5D1CF06B5200E68504 /* Project object */;
			proxyType = 1;
			remoteGlobalIDString = 6B547E641CF06B5200E68504;
			remoteInfo = WebViewExample;
		};
/* End PBXContainerItemProxy section */

/* Begin PBXCopyFilesBuildPhase section */
		22CD9F6D1CF57A5400D3E7A8 /* Embed App Extensions */ = {
			isa = PBXCopyFilesBuildPhase;
			buildActionMask = 2147483647;
			dstPath = "";
			dstSubfolderSpec = 13;
			files = (
				22CD9F531CF57A5400D3E7A8 /* WatchKitExample Extension.appex in Embed App Extensions */,
			);
			name = "Embed App Extensions";
			runOnlyForDeploymentPostprocessing = 0;
		};
		22CD9F6F1CF57A5400D3E7A8 /* Embed Watch Content */ = {
			isa = PBXCopyFilesBuildPhase;
			buildActionMask = 2147483647;
			dstPath = "$(CONTENTS_FOLDER_PATH)/Watch";
			dstSubfolderSpec = 16;
			files = (
				22CD9F671CF57A5400D3E7A8 /* WatchKitExample.app in Embed Watch Content */,
			);
			name = "Embed Watch Content";
			runOnlyForDeploymentPostprocessing = 0;
		};
/* End PBXCopyFilesBuildPhase section */

/* Begin PBXFileReference section */
		22CD9F461CF57A5400D3E7A8 /* WatchKitExample.app */ = {isa = PBXFileReference; explicitFileType = wrapper.application; includeInIndex = 0; path = WatchKitExample.app; sourceTree = BUILT_PRODUCTS_DIR; };
		22CD9F491CF57A5400D3E7A8 /* Base */ = {isa = PBXFileReference; lastKnownFileType = file.storyboard; name = Base; path = Base.lproj/Interface.storyboard; sourceTree = "<group>"; };
		22CD9F4B1CF57A5400D3E7A8 /* Assets.xcassets */ = {isa = PBXFileReference; lastKnownFileType = folder.assetcatalog; path = Assets.xcassets; sourceTree = "<group>"; };
		22CD9F4D1CF57A5400D3E7A8 /* Info.plist */ = {isa = PBXFileReference; lastKnownFileType = text.plist.xml; path = Info.plist; sourceTree = "<group>"; };
		22CD9F521CF57A5400D3E7A8 /* WatchKitExample Extension.appex */ = {isa = PBXFileReference; explicitFileType = "wrapper.app-extension"; includeInIndex = 0; path = "WatchKitExample Extension.appex"; sourceTree = BUILT_PRODUCTS_DIR; };
		22CD9F581CF57A5400D3E7A8 /* PushNotificationPayload.apns */ = {isa = PBXFileReference; lastKnownFileType = text; path = PushNotificationPayload.apns; sourceTree = "<group>"; };
		22CD9F591CF57A5400D3E7A8 /* InterfaceController.h */ = {isa = PBXFileReference; lastKnownFileType = sourcecode.c.h; path = InterfaceController.h; sourceTree = "<group>"; };
		22CD9F5A1CF57A5400D3E7A8 /* InterfaceController.m */ = {isa = PBXFileReference; lastKnownFileType = sourcecode.c.objc; path = InterfaceController.m; sourceTree = "<group>"; };
		22CD9F5C1CF57A5400D3E7A8 /* ExtensionDelegate.h */ = {isa = PBXFileReference; lastKnownFileType = sourcecode.c.h; path = ExtensionDelegate.h; sourceTree = "<group>"; };
		22CD9F5D1CF57A5400D3E7A8 /* ExtensionDelegate.m */ = {isa = PBXFileReference; lastKnownFileType = sourcecode.c.objc; path = ExtensionDelegate.m; sourceTree = "<group>"; };
		22CD9F5F1CF57A5400D3E7A8 /* NotificationController.h */ = {isa = PBXFileReference; lastKnownFileType = sourcecode.c.h; path = NotificationController.h; sourceTree = "<group>"; };
		22CD9F601CF57A5400D3E7A8 /* NotificationController.m */ = {isa = PBXFileReference; lastKnownFileType = sourcecode.c.objc; path = NotificationController.m; sourceTree = "<group>"; };
		22CD9F621CF57A5400D3E7A8 /* Assets.xcassets */ = {isa = PBXFileReference; lastKnownFileType = folder.assetcatalog; path = Assets.xcassets; sourceTree = "<group>"; };
		22CD9F641CF57A5400D3E7A8 /* Info.plist */ = {isa = PBXFileReference; lastKnownFileType = text.plist.xml; path = Info.plist; sourceTree = "<group>"; };
		6B547E651CF06B5200E68504 /* WebViewExample.app */ = {isa = PBXFileReference; explicitFileType = wrapper.application; includeInIndex = 0; path = WebViewExample.app; sourceTree = BUILT_PRODUCTS_DIR; };
		6B547E691CF06B5200E68504 /* main.m */ = {isa = PBXFileReference; lastKnownFileType = sourcecode.c.objc; path = main.m; sourceTree = "<group>"; };
		6B547E6B1CF06B5200E68504 /* AppDelegate.h */ = {isa = PBXFileReference; lastKnownFileType = sourcecode.c.h; path = AppDelegate.h; sourceTree = "<group>"; };
		6B547E6C1CF06B5200E68504 /* AppDelegate.m */ = {isa = PBXFileReference; lastKnownFileType = sourcecode.c.objc; path = AppDelegate.m; sourceTree = "<group>"; };
		6B547E6E1CF06B5200E68504 /* ViewController.h */ = {isa = PBXFileReference; lastKnownFileType = sourcecode.c.h; path = ViewController.h; sourceTree = "<group>"; };
		6B547E6F1CF06B5200E68504 /* ViewController.m */ = {isa = PBXFileReference; lastKnownFileType = sourcecode.c.objc; path = ViewController.m; sourceTree = "<group>"; };
		6B547E721CF06B5200E68504 /* Base */ = {isa = PBXFileReference; lastKnownFileType = file.storyboard; name = Base; path = Base.lproj/Main.storyboard; sourceTree = "<group>"; };
		6B547E741CF06B5200E68504 /* Assets.xcassets */ = {isa = PBXFileReference; lastKnownFileType = folder.assetcatalog; path = Assets.xcassets; sourceTree = "<group>"; };
		6B547E771CF06B5200E68504 /* Base */ = {isa = PBXFileReference; lastKnownFileType = file.storyboard; name = Base; path = Base.lproj/LaunchScreen.storyboard; sourceTree = "<group>"; };
		6B547E791CF06B5200E68504 /* Info.plist */ = {isa = PBXFileReference; lastKnownFileType = text.plist.xml; path = Info.plist; sourceTree = "<group>"; };
		6B547E7E1CF06B5200E68504 /* WebViewExampleTests.xctest */ = {isa = PBXFileReference; explicitFileType = wrapper.cfbundle; includeInIndex = 0; path = WebViewExampleTests.xctest; sourceTree = BUILT_PRODUCTS_DIR; };
		6B547E821CF06B5200E68504 /* WebViewExampleTests.m */ = {isa = PBXFileReference; lastKnownFileType = sourcecode.c.objc; path = WebViewExampleTests.m; sourceTree = "<group>"; };
		6B547E841CF06B5200E68504 /* Info.plist */ = {isa = PBXFileReference; lastKnownFileType = text.plist.xml; path = Info.plist; sourceTree = "<group>"; };
		6B547E891CF06B5200E68504 /* WebViewExampleUITests.xctest */ = {isa = PBXFileReference; explicitFileType = wrapper.cfbundle; includeInIndex = 0; path = WebViewExampleUITests.xctest; sourceTree = BUILT_PRODUCTS_DIR; };
		6B547E8D1CF06B5200E68504 /* WebViewExampleUITests.m */ = {isa = PBXFileReference; lastKnownFileType = sourcecode.c.objc; path = WebViewExampleUITests.m; sourceTree = "<group>"; };
		6B547E8F1CF06B5200E68504 /* Info.plist */ = {isa = PBXFileReference; lastKnownFileType = text.plist.xml; path = Info.plist; sourceTree = "<group>"; };
/* End PBXFileReference section */

/* Begin PBXFrameworksBuildPhase section */
		22CD9F4F1CF57A5400D3E7A8 /* Frameworks */ = {
			isa = PBXFrameworksBuildPhase;
			buildActionMask = 2147483647;
			files = (
			);
			runOnlyForDeploymentPostprocessing = 0;
		};
		6B547E621CF06B5200E68504 /* Frameworks */ = {
			isa = PBXFrameworksBuildPhase;
			buildActionMask = 2147483647;
			files = (
			);
			runOnlyForDeploymentPostprocessing = 0;
		};
		6B547E7B1CF06B5200E68504 /* Frameworks */ = {
			isa = PBXFrameworksBuildPhase;
			buildActionMask = 2147483647;
			files = (
			);
			runOnlyForDeploymentPostprocessing = 0;
		};
		6B547E861CF06B5200E68504 /* Frameworks */ = {
			isa = PBXFrameworksBuildPhase;
			buildActionMask = 2147483647;
			files = (
			);
			runOnlyForDeploymentPostprocessing = 0;
		};
/* End PBXFrameworksBuildPhase section */

/* Begin PBXGroup section */
		22CD9F471CF57A5400D3E7A8 /* WatchKitExample */ = {
			isa = PBXGroup;
			children = (
				22CD9F481CF57A5400D3E7A8 /* Interface.storyboard */,
				22CD9F4B1CF57A5400D3E7A8 /* Assets.xcassets */,
				22CD9F4D1CF57A5400D3E7A8 /* Info.plist */,
			);
			path = WatchKitExample;
			sourceTree = "<group>";
		};
		22CD9F561CF57A5400D3E7A8 /* WatchKitExample Extension */ = {
			isa = PBXGroup;
			children = (
				22CD9F591CF57A5400D3E7A8 /* InterfaceController.h */,
				22CD9F5A1CF57A5400D3E7A8 /* InterfaceController.m */,
				22CD9F5C1CF57A5400D3E7A8 /* ExtensionDelegate.h */,
				22CD9F5D1CF57A5400D3E7A8 /* ExtensionDelegate.m */,
				22CD9F5F1CF57A5400D3E7A8 /* NotificationController.h */,
				22CD9F601CF57A5400D3E7A8 /* NotificationController.m */,
				22CD9F621CF57A5400D3E7A8 /* Assets.xcassets */,
				22CD9F641CF57A5400D3E7A8 /* Info.plist */,
				22CD9F571CF57A5400D3E7A8 /* Supporting Files */,
			);
			path = "WatchKitExample Extension";
			sourceTree = "<group>";
		};
		22CD9F571CF57A5400D3E7A8 /* Supporting Files */ = {
			isa = PBXGroup;
			children = (
				22CD9F581CF57A5400D3E7A8 /* PushNotificationPayload.apns */,
			);
			name = "Supporting Files";
			sourceTree = "<group>";
		};
		6B547E5C1CF06B5200E68504 = {
			isa = PBXGroup;
			children = (
				6B547E671CF06B5200E68504 /* WebViewExample */,
				6B547E811CF06B5200E68504 /* WebViewExampleTests */,
				6B547E8C1CF06B5200E68504 /* WebViewExampleUITests */,
				22CD9F471CF57A5400D3E7A8 /* WatchKitExample */,
				22CD9F561CF57A5400D3E7A8 /* WatchKitExample Extension */,
				6B547E661CF06B5200E68504 /* Products */,
			);
			sourceTree = "<group>";
		};
		6B547E661CF06B5200E68504 /* Products */ = {
			isa = PBXGroup;
			children = (
				6B547E651CF06B5200E68504 /* WebViewExample.app */,
				6B547E7E1CF06B5200E68504 /* WebViewExampleTests.xctest */,
				6B547E891CF06B5200E68504 /* WebViewExampleUITests.xctest */,
				22CD9F461CF57A5400D3E7A8 /* WatchKitExample.app */,
				22CD9F521CF57A5400D3E7A8 /* WatchKitExample Extension.appex */,
			);
			name = Products;
			sourceTree = "<group>";
		};
		6B547E671CF06B5200E68504 /* WebViewExample */ = {
			isa = PBXGroup;
			children = (
				6B547E6B1CF06B5200E68504 /* AppDelegate.h */,
				6B547E6C1CF06B5200E68504 /* AppDelegate.m */,
				6B547E6E1CF06B5200E68504 /* ViewController.h */,
				6B547E6F1CF06B5200E68504 /* ViewController.m */,
				6B547E711CF06B5200E68504 /* Main.storyboard */,
				6B547E741CF06B5200E68504 /* Assets.xcassets */,
				6B547E761CF06B5200E68504 /* LaunchScreen.storyboard */,
				6B547E791CF06B5200E68504 /* Info.plist */,
				6B547E681CF06B5200E68504 /* Supporting Files */,
			);
			path = WebViewExample;
			sourceTree = "<group>";
		};
		6B547E681CF06B5200E68504 /* Supporting Files */ = {
			isa = PBXGroup;
			children = (
				6B547E691CF06B5200E68504 /* main.m */,
			);
			name = "Supporting Files";
			sourceTree = "<group>";
		};
		6B547E811CF06B5200E68504 /* WebViewExampleTests */ = {
			isa = PBXGroup;
			children = (
				6B547E821CF06B5200E68504 /* WebViewExampleTests.m */,
				6B547E841CF06B5200E68504 /* Info.plist */,
			);
			path = WebViewExampleTests;
			sourceTree = "<group>";
		};
		6B547E8C1CF06B5200E68504 /* WebViewExampleUITests */ = {
			isa = PBXGroup;
			children = (
				6B547E8D1CF06B5200E68504 /* WebViewExampleUITests.m */,
				6B547E8F1CF06B5200E68504 /* Info.plist */,
			);
			path = WebViewExampleUITests;
			sourceTree = "<group>";
		};
/* End PBXGroup section */

/* Begin PBXNativeTarget section */
		22CD9F451CF57A5400D3E7A8 /* WatchKitExample */ = {
			isa = PBXNativeTarget;
			buildConfigurationList = 22CD9F6E1CF57A5400D3E7A8 /* Build configuration list for PBXNativeTarget "WatchKitExample" */;
			buildPhases = (
				22CD9F441CF57A5400D3E7A8 /* Resources */,
				22CD9F6D1CF57A5400D3E7A8 /* Embed App Extensions */,
			);
			buildRules = (
			);
			dependencies = (
				22CD9F551CF57A5400D3E7A8 /* PBXTargetDependency */,
			);
			name = WatchKitExample;
			productName = WatchKitExample;
			productReference = 22CD9F461CF57A5400D3E7A8 /* WatchKitExample.app */;
			productType = "com.apple.product-type.application.watchapp2";
		};
		22CD9F511CF57A5400D3E7A8 /* WatchKitExample Extension */ = {
			isa = PBXNativeTarget;
			buildConfigurationList = 22CD9F6C1CF57A5400D3E7A8 /* Build configuration list for PBXNativeTarget "WatchKitExample Extension" */;
			buildPhases = (
				22CD9F4E1CF57A5400D3E7A8 /* Sources */,
				22CD9F4F1CF57A5400D3E7A8 /* Frameworks */,
				22CD9F501CF57A5400D3E7A8 /* Resources */,
			);
			buildRules = (
			);
			dependencies = (
			);
			name = "WatchKitExample Extension";
			productName = "WatchKitExample Extension";
			productReference = 22CD9F521CF57A5400D3E7A8 /* WatchKitExample Extension.appex */;
			productType = "com.apple.product-type.watchkit2-extension";
		};
		6B547E641CF06B5200E68504 /* WebViewExample */ = {
			isa = PBXNativeTarget;
			buildConfigurationList = 6B547E921CF06B5200E68504 /* Build configuration list for PBXNativeTarget "WebViewExample" */;
			buildPhases = (
				6B547E611CF06B5200E68504 /* Sources */,
				6B547E621CF06B5200E68504 /* Frameworks */,
				6B547E631CF06B5200E68504 /* Resources */,
				22CD9F6F1CF57A5400D3E7A8 /* Embed Watch Content */,
			);
			buildRules = (
			);
			dependencies = (
				22CD9F661CF57A5400D3E7A8 /* PBXTargetDependency */,
			);
			name = WebViewExample;
			productName = WebViewExample;
			productReference = 6B547E651CF06B5200E68504 /* WebViewExample.app */;
			productType = "com.apple.product-type.application";
		};
		6B547E7D1CF06B5200E68504 /* WebViewExampleTests */ = {
			isa = PBXNativeTarget;
			buildConfigurationList = 6B547E951CF06B5200E68504 /* Build configuration list for PBXNativeTarget "WebViewExampleTests" */;
			buildPhases = (
				6B547E7A1CF06B5200E68504 /* Sources */,
				6B547E7B1CF06B5200E68504 /* Frameworks */,
				6B547E7C1CF06B5200E68504 /* Resources */,
			);
			buildRules = (
			);
			dependencies = (
				6B547E801CF06B5200E68504 /* PBXTargetDependency */,
			);
			name = WebViewExampleTests;
			productName = WebViewExampleTests;
			productReference = 6B547E7E1CF06B5200E68504 /* WebViewExampleTests.xctest */;
			productType = "com.apple.product-type.bundle.unit-test";
		};
		6B547E881CF06B5200E68504 /* WebViewExampleUITests */ = {
			isa = PBXNativeTarget;
			buildConfigurationList = 6B547E981CF06B5200E68504 /* Build configuration list for PBXNativeTarget "WebViewExampleUITests" */;
			buildPhases = (
				6B547E851CF06B5200E68504 /* Sources */,
				6B547E861CF06B5200E68504 /* Frameworks */,
				6B547E871CF06B5200E68504 /* Resources */,
			);
			buildRules = (
			);
			dependencies = (
				6B547E8B1CF06B5200E68504 /* PBXTargetDependency */,
			);
			name = WebViewExampleUITests;
			productName = WebViewExampleUITests;
			productReference = 6B547E891CF06B5200E68504 /* WebViewExampleUITests.xctest */;
			productType = "com.apple.product-type.bundle.ui-testing";
		};
/* End PBXNativeTarget section */

/* Begin PBXProject section */
		6B547E5D1CF06B5200E68504 /* Project object */ = {
			isa = PBXProject;
			attributes = {
				LastUpgradeCheck = 0730;
				ORGANIZATIONNAME = uts;
				TargetAttributes = {
					22CD9F451CF57A5400D3E7A8 = {
						CreatedOnToolsVersion = 7.3;
					};
					22CD9F511CF57A5400D3E7A8 = {
						CreatedOnToolsVersion = 7.3;
					};
					6B547E641CF06B5200E68504 = {
						CreatedOnToolsVersion = 7.3;
					};
					6B547E7D1CF06B5200E68504 = {
						CreatedOnToolsVersion = 7.3;
						TestTargetID = 6B547E641CF06B5200E68504;
					};
					6B547E881CF06B5200E68504 = {
						CreatedOnToolsVersion = 7.3;
						TestTargetID = 6B547E641CF06B5200E68504;
					};
				};
			};
			buildConfigurationList = 6B547E601CF06B5200E68504 /* Build configuration list for PBXProject "WebViewExample" */;
			compatibilityVersion = "Xcode 3.2";
			developmentRegion = English;
			hasScannedForEncodings = 0;
			knownRegions = (
				en,
				Base,
			);
			mainGroup = 6B547E5C1CF06B5200E68504;
			productRefGroup = 6B547E661CF06B5200E68504 /* Products */;
			projectDirPath = "";
			projectRoot = "";
			targets = (
				6B547E641CF06B5200E68504 /* WebViewExample */,
				6B547E7D1CF06B5200E68504 /* WebViewExampleTests */,
				6B547E881CF06B5200E68504 /* WebViewExampleUITests */,
				22CD9F451CF57A5400D3E7A8 /* WatchKitExample */,
				22CD9F511CF57A5400D3E7A8 /* WatchKitExample Extension */,
			);
		};
/* End PBXProject section */

/* Begin PBXResourcesBuildPhase section */
		22CD9F441CF57A5400D3E7A8 /* Resources */ = {
			isa = PBXResourcesBuildPhase;
			buildActionMask = 2147483647;
			files = (
				22CD9F4C1CF57A5400D3E7A8 /* Assets.xcassets in Resources */,
				22CD9F4A1CF57A5400D3E7A8 /* Interface.storyboard in Resources */,
			);
			runOnlyForDeploymentPostprocessing = 0;
		};
		22CD9F501CF57A5400D3E7A8 /* Resources */ = {
			isa = PBXResourcesBuildPhase;
			buildActionMask = 2147483647;
			files = (
				22CD9F631CF57A5400D3E7A8 /* Assets.xcassets in Resources */,
			);
			runOnlyForDeploymentPostprocessing = 0;
		};
		6B547E631CF06B5200E68504 /* Resources */ = {
			isa = PBXResourcesBuildPhase;
			buildActionMask = 2147483647;
			files = (
				6B547E781CF06B5200E68504 /* LaunchScreen.storyboard in Resources */,
				6B547E751CF06B5200E68504 /* Assets.xcassets in Resources */,
				6B547E731CF06B5200E68504 /* Main.storyboard in Resources */,
			);
			runOnlyForDeploymentPostprocessing = 0;
		};
		6B547E7C1CF06B5200E68504 /* Resources */ = {
			isa = PBXResourcesBuildPhase;
			buildActionMask = 2147483647;
			files = (
			);
			runOnlyForDeploymentPostprocessing = 0;
		};
		6B547E871CF06B5200E68504 /* Resources */ = {
			isa = PBXResourcesBuildPhase;
			buildActionMask = 2147483647;
			files = (
			);
			runOnlyForDeploymentPostprocessing = 0;
		};
/* End PBXResourcesBuildPhase section */

/* Begin PBXSourcesBuildPhase section */
		22CD9F4E1CF57A5400D3E7A8 /* Sources */ = {
			isa = PBXSourcesBuildPhase;
			buildActionMask = 2147483647;
			files = (
				22CD9F5E1CF57A5400D3E7A8 /* ExtensionDelegate.m in Sources */,
				22CD9F5B1CF57A5400D3E7A8 /* InterfaceController.m in Sources */,
				22CD9F611CF57A5400D3E7A8 /* NotificationController.m in Sources */,
			);
			runOnlyForDeploymentPostprocessing = 0;
		};
		6B547E611CF06B5200E68504 /* Sources */ = {
			isa = PBXSourcesBuildPhase;
			buildActionMask = 2147483647;
			files = (
				6B547E701CF06B5200E68504 /* ViewController.m in Sources */,
				6B547E6D1CF06B5200E68504 /* AppDelegate.m in Sources */,
				6B547E6A1CF06B5200E68504 /* main.m in Sources */,
			);
			runOnlyForDeploymentPostprocessing = 0;
		};
		6B547E7A1CF06B5200E68504 /* Sources */ = {
			isa = PBXSourcesBuildPhase;
			buildActionMask = 2147483647;
			files = (
				6B547E831CF06B5200E68504 /* WebViewExampleTests.m in Sources */,
			);
			runOnlyForDeploymentPostprocessing = 0;
		};
		6B547E851CF06B5200E68504 /* Sources */ = {
			isa = PBXSourcesBuildPhase;
			buildActionMask = 2147483647;
			files = (
				6B547E8E1CF06B5200E68504 /* WebViewExampleUITests.m in Sources */,
			);
			runOnlyForDeploymentPostprocessing = 0;
		};
/* End PBXSourcesBuildPhase section */

/* Begin PBXTargetDependency section */
		22CD9F551CF57A5400D3E7A8 /* PBXTargetDependency */ = {
			isa = PBXTargetDependency;
			target = 22CD9F511CF57A5400D3E7A8 /* WatchKitExample Extension */;
			targetProxy = 22CD9F541CF57A5400D3E7A8 /* PBXContainerItemProxy */;
		};
		22CD9F661CF57A5400D3E7A8 /* PBXTargetDependency */ = {
			isa = PBXTargetDependency;
			target = 22CD9F451CF57A5400D3E7A8 /* WatchKitExample */;
			targetProxy = 22CD9F651CF57A5400D3E7A8 /* PBXContainerItemProxy */;
		};
		6B547E801CF06B5200E68504 /* PBXTargetDependency */ = {
			isa = PBXTargetDependency;
			target = 6B547E641CF06B5200E68504 /* WebViewExample */;
			targetProxy = 6B547E7F1CF06B5200E68504 /* PBXContainerItemProxy */;
		};
		6B547E8B1CF06B5200E68504 /* PBXTargetDependency */ = {
			isa = PBXTargetDependency;
			target = 6B547E641CF06B5200E68504 /* WebViewExample */;
			targetProxy = 6B547E8A1CF06B5200E68504 /* PBXContainerItemProxy */;
		};
/* End PBXTargetDependency section */

/* Begin PBXVariantGroup section */
		22CD9F481CF57A5400D3E7A8 /* Interface.storyboard */ = {
			isa = PBXVariantGroup;
			children = (
				22CD9F491CF57A5400D3E7A8 /* Base */,
			);
			name = Interface.storyboard;
			sourceTree = "<group>";
		};
		6B547E711CF06B5200E68504 /* Main.storyboard */ = {
			isa = PBXVariantGroup;
			children = (
				6B547E721CF06B5200E68504 /* Base */,
			);
			name = Main.storyboard;
			sourceTree = "<group>";
		};
		6B547E761CF06B5200E68504 /* LaunchScreen.storyboard */ = {
			isa = PBXVariantGroup;
			children = (
				6B547E771CF06B5200E68504 /* Base */,
			);
			name = LaunchScreen.storyboard;
			sourceTree = "<group>";
		};
/* End PBXVariantGroup section */

/* Begin XCBuildConfiguration section */
		22CD9F681CF57A5400D3E7A8 /* Debug */ = {
			isa = XCBuildConfiguration;
			buildSettings = {
				ASSETCATALOG_COMPILER_APPICON_NAME = AppIcon;
				IBSC_MODULE = WatchKitExample_Extension;
				INFOPLIST_FILE = WatchKitExample/Info.plist;
				PRODUCT_BUNDLE_IDENTIFIER = au.edu.uts.WebViewExample.watchkitapp;
				PRODUCT_NAME = "$(TARGET_NAME)";
				SDKROOT = watchos;
				SKIP_INSTALL = YES;
				TARGETED_DEVICE_FAMILY = 4;
				WATCHOS_DEPLOYMENT_TARGET = 2.2;
			};
			name = Debug;
		};
		22CD9F691CF57A5400D3E7A8 /* Release */ = {
			isa = XCBuildConfiguration;
			buildSettings = {
				ASSETCATALOG_COMPILER_APPICON_NAME = AppIcon;
				IBSC_MODULE = WatchKitExample_Extension;
				INFOPLIST_FILE = WatchKitExample/Info.plist;
				PRODUCT_BUNDLE_IDENTIFIER = au.edu.uts.WebViewExample.watchkitapp;
				PRODUCT_NAME = "$(TARGET_NAME)";
				SDKROOT = watchos;
				SKIP_INSTALL = YES;
				TARGETED_DEVICE_FAMILY = 4;
				WATCHOS_DEPLOYMENT_TARGET = 2.2;
			};
			name = Release;
		};
		22CD9F6A1CF57A5400D3E7A8 /* Debug */ = {
			isa = XCBuildConfiguration;
			buildSettings = {
				INFOPLIST_FILE = "WatchKitExample Extension/Info.plist";
				LD_RUNPATH_SEARCH_PATHS = "$(inherited) @executable_path/Frameworks @executable_path/../../Frameworks";
				PRODUCT_BUNDLE_IDENTIFIER = au.edu.uts.WebViewExample.watchkitapp.watchkitextension;
				PRODUCT_NAME = "${TARGET_NAME}";
				SDKROOT = watchos;
				SKIP_INSTALL = YES;
				TARGETED_DEVICE_FAMILY = 4;
				WATCHOS_DEPLOYMENT_TARGET = 2.2;
			};
			name = Debug;
		};
		22CD9F6B1CF57A5400D3E7A8 /* Release */ = {
			isa = XCBuildConfiguration;
			buildSettings = {
				INFOPLIST_FILE = "WatchKitExample Extension/Info.plist";
				LD_RUNPATH_SEARCH_PATHS = "$(inherited) @executable_path/Frameworks @executable_path/../../Frameworks";
				PRODUCT_BUNDLE_IDENTIFIER = au.edu.uts.WebViewExample.watchkitapp.watchkitextension;
				PRODUCT_NAME = "${TARGET_NAME}";
				SDKROOT = watchos;
				SKIP_INSTALL = YES;
				TARGETED_DEVICE_FAMILY = 4;
				WATCHOS_DEPLOYMENT_TARGET = 2.2;
			};
			name = Release;
		};
		6B547E901CF06B5200E68504 /* Debug */ = {
			isa = XCBuildConfiguration;
			buildSettings = {
				ALWAYS_SEARCH_USER_PATHS = NO;
				CLANG_ANALYZER_NONNULL = YES;
				CLANG_CXX_LANGUAGE_STANDARD = "gnu++0x";
				CLANG_CXX_LIBRARY = "libc++";
				CLANG_ENABLE_MODULES = YES;
				CLANG_ENABLE_OBJC_ARC = YES;
				CLANG_WARN_BOOL_CONVERSION = YES;
				CLANG_WARN_CONSTANT_CONVERSION = YES;
				CLANG_WARN_DIRECT_OBJC_ISA_USAGE = YES_ERROR;
				CLANG_WARN_EMPTY_BODY = YES;
				CLANG_WARN_ENUM_CONVERSION = YES;
				CLANG_WARN_INT_CONVERSION = YES;
				CLANG_WARN_OBJC_ROOT_CLASS = YES_ERROR;
				CLANG_WARN_UNREACHABLE_CODE = YES;
				CLANG_WARN__DUPLICATE_METHOD_MATCH = YES;
				"CODE_SIGN_IDENTITY[sdk=iphoneos*]" = "iPhone Developer";
				COPY_PHASE_STRIP = NO;
				DEBUG_INFORMATION_FORMAT = dwarf;
				ENABLE_STRICT_OBJC_MSGSEND = YES;
				ENABLE_TESTABILITY = YES;
				GCC_C_LANGUAGE_STANDARD = gnu99;
				GCC_DYNAMIC_NO_PIC = NO;
				GCC_NO_COMMON_BLOCKS = YES;
				GCC_OPTIMIZATION_LEVEL = 0;
				GCC_PREPROCESSOR_DEFINITIONS = (
					"DEBUG=1",
					"$(inherited)",
				);
				GCC_WARN_64_TO_32_BIT_CONVERSION = YES;
				GCC_WARN_ABOUT_RETURN_TYPE = YES_ERROR;
				GCC_WARN_UNDECLARED_SELECTOR = YES;
				GCC_WARN_UNINITIALIZED_AUTOS = YES_AGGRESSIVE;
				GCC_WARN_UNUSED_FUNCTION = YES;
				GCC_WARN_UNUSED_VARIABLE = YES;
				IPHONEOS_DEPLOYMENT_TARGET = 9.3;
				MTL_ENABLE_DEBUG_INFO = YES;
				ONLY_ACTIVE_ARCH = YES;
				SDKROOT = iphoneos;
				TARGETED_DEVICE_FAMILY = "1,2";
			};
			name = Debug;
		};
		6B547E911CF06B5200E68504 /* Release */ = {
			isa = XCBuildConfiguration;
			buildSettings = {
				ALWAYS_SEARCH_USER_PATHS = NO;
				CLANG_ANALYZER_NONNULL = YES;
				CLANG_CXX_LANGUAGE_STANDARD = "gnu++0x";
				CLANG_CXX_LIBRARY = "libc++";
				CLANG_ENABLE_MODULES = YES;
				CLANG_ENABLE_OBJC_ARC = YES;
				CLANG_WARN_BOOL_CONVERSION = YES;
				CLANG_WARN_CONSTANT_CONVERSION = YES;
				CLANG_WARN_DIRECT_OBJC_ISA_USAGE = YES_ERROR;
				CLANG_WARN_EMPTY_BODY = YES;
				CLANG_WARN_ENUM_CONVERSION = YES;
				CLANG_WARN_INT_CONVERSION = YES;
				CLANG_WARN_OBJC_ROOT_CLASS = YES_ERROR;
				CLANG_WARN_UNREACHABLE_CODE = YES;
				CLANG_WARN__DUPLICATE_METHOD_MATCH = YES;
				"CODE_SIGN_IDENTITY[sdk=iphoneos*]" = "iPhone Developer";
				COPY_PHASE_STRIP = NO;
				DEBUG_INFORMATION_FORMAT = "dwarf-with-dsym";
				ENABLE_NS_ASSERTIONS = NO;
				ENABLE_STRICT_OBJC_MSGSEND = YES;
				GCC_C_LANGUAGE_STANDARD = gnu99;
				GCC_NO_COMMON_BLOCKS = YES;
				GCC_WARN_64_TO_32_BIT_CONVERSION = YES;
				GCC_WARN_ABOUT_RETURN_TYPE = YES_ERROR;
				GCC_WARN_UNDECLARED_SELECTOR = YES;
				GCC_WARN_UNINITIALIZED_AUTOS = YES_AGGRESSIVE;
				GCC_WARN_UNUSED_FUNCTION = YES;
				GCC_WARN_UNUSED_VARIABLE = YES;
				IPHONEOS_DEPLOYMENT_TARGET = 9.3;
				MTL_ENABLE_DEBUG_INFO = NO;
				SDKROOT = iphoneos;
				TARGETED_DEVICE_FAMILY = "1,2";
				VALIDATE_PRODUCT = YES;
			};
			name = Release;
		};
		6B547E931CF06B5200E68504 /* Debug */ = {
			isa = XCBuildConfiguration;
			buildSettings = {
				ASSETCATALOG_COMPILER_APPICON_NAME = AppIcon;
				INFOPLIST_FILE = WebViewExample/Info.plist;
				LD_RUNPATH_SEARCH_PATHS = "$(inherited) @executable_path/Frameworks";
				PRODUCT_BUNDLE_IDENTIFIER = au.edu.uts.WebViewExample;
				PRODUCT_NAME = "$(TARGET_NAME)";
			};
			name = Debug;
		};
		6B547E941CF06B5200E68504 /* Release */ = {
			isa = XCBuildConfiguration;
			buildSettings = {
				ASSETCATALOG_COMPILER_APPICON_NAME = AppIcon;
				INFOPLIST_FILE = WebViewExample/Info.plist;
				LD_RUNPATH_SEARCH_PATHS = "$(inherited) @executable_path/Frameworks";
				PRODUCT_BUNDLE_IDENTIFIER = au.edu.uts.WebViewExample;
				PRODUCT_NAME = "$(TARGET_NAME)";
			};
			name = Release;
		};
		6B547E961CF06B5200E68504 /* Debug */ = {
			isa = XCBuildConfiguration;
			buildSettings = {
				BUNDLE_LOADER = "$(TEST_HOST)";
				INFOPLIST_FILE = WebViewExampleTests/Info.plist;
				LD_RUNPATH_SEARCH_PATHS = "$(inherited) @executable_path/Frameworks @loader_path/Frameworks";
				PRODUCT_BUNDLE_IDENTIFIER = au.edu.uts.WebViewExampleTests;
				PRODUCT_NAME = "$(TARGET_NAME)";
				TEST_HOST = "$(BUILT_PRODUCTS_DIR)/WebViewExample.app/WebViewExample";
			};
			name = Debug;
		};
		6B547E971CF06B5200E68504 /* Release */ = {
			isa = XCBuildConfiguration;
			buildSettings = {
				BUNDLE_LOADER = "$(TEST_HOST)";
				INFOPLIST_FILE = WebViewExampleTests/Info.plist;
				LD_RUNPATH_SEARCH_PATHS = "$(inherited) @executable_path/Frameworks @loader_path/Frameworks";
				PRODUCT_BUNDLE_IDENTIFIER = au.edu.uts.WebViewExampleTests;
				PRODUCT_NAME = "$(TARGET_NAME)";
				TEST_HOST = "$(BUILT_PRODUCTS_DIR)/WebViewExample.app/WebViewExample";
			};
			name = Release;
		};
		6B547E991CF06B5200E68504 /* Debug */ = {
			isa = XCBuildConfiguration;
			buildSettings = {
				INFOPLIST_FILE = WebViewExampleUITests/Info.plist;
				LD_RUNPATH_SEARCH_PATHS = "$(inherited) @executable_path/Frameworks @loader_path/Frameworks";
				PRODUCT_BUNDLE_IDENTIFIER = au.edu.uts.WebViewExampleUITests;
				PRODUCT_NAME = "$(TARGET_NAME)";
				TEST_TARGET_NAME = WebViewExample;
			};
			name = Debug;
		};
		6B547E9A1CF06B5200E68504 /* Release */ = {
			isa = XCBuildConfiguration;
			buildSettings = {
				INFOPLIST_FILE = WebViewExampleUITests/Info.plist;
				LD_RUNPATH_SEARCH_PATHS = "$(inherited) @executable_path/Frameworks @loader_path/Frameworks";
				PRODUCT_BUNDLE_IDENTIFIER = au.edu.uts.WebViewExampleUITests;
				PRODUCT_NAME = "$(TARGET_NAME)";
				TEST_TARGET_NAME = WebViewExample;
			};
			name = Release;
		};
/* End XCBuildConfiguration section */

/* Begin XCConfigurationList section */
		22CD9F6C1CF57A5400D3E7A8 /* Build configuration list for PBXNativeTarget "WatchKitExample Extension" */ = {
			isa = XCConfigurationList;
			buildConfigurations = (
				22CD9F6A1CF57A5400D3E7A8 /* Debug */,
				22CD9F6B1CF57A5400D3E7A8 /* Release */,
			);
			defaultConfigurationIsVisible = 0;
		};
		22CD9F6E1CF57A5400D3E7A8 /* Build configuration list for PBXNativeTarget "WatchKitExample" */ = {
			isa = XCConfigurationList;
			buildConfigurations = (
				22CD9F681CF57A5400D3E7A8 /* Debug */,
				22CD9F691CF57A5400D3E7A8 /* Release */,
			);
			defaultConfigurationIsVisible = 0;
		};
		6B547E601CF06B5200E68504 /* Build configuration list for PBXProject "WebViewExample" */ = {
			isa = XCConfigurationList;
			buildConfigurations = (
				6B547E901CF06B5200E68504 /* Debug */,
				6B547E911CF06B5200E68504 /* Release */,
			);
			defaultConfigurationIsVisible = 0;
			defaultConfigurationName = Release;
		};
		6B547E921CF06B5200E68504 /* Build configuration list for PBXNativeTarget "WebViewExample" */ = {
			isa = XCConfigurationList;
			buildConfigurations = (
				6B547E931CF06B5200E68504 /* Debug */,
				6B547E941CF06B5200E68504 /* Release */,
			);
			defaultConfigurationIsVisible = 0;
			defaultConfigurationName = Release;
		};
		6B547E951CF06B5200E68504 /* Build configuration list for PBXNativeTarget "WebViewExampleTests" */ = {
			isa = XCConfigurationList;
			buildConfigurations = (
				6B547E961CF06B5200E68504 /* Debug */,
				6B547E971CF06B5200E68504 /* Release */,
			);
			defaultConfigurationIsVisible = 0;
			defaultConfigurationName = Release;
		};
		6B547E981CF06B5200E68504 /* Build configuration list for PBXNativeTarget "WebViewExampleUITests" */ = {
			isa = XCConfigurationList;
			buildConfigurations = (
				6B547E991CF06B5200E68504 /* Debug */,
				6B547E9A1CF06B5200E68504 /* Release */,
			);
			defaultConfigurationIsVisible = 0;
			defaultConfigurationName = Release;
		};
/* End XCConfigurationList section */
	};
	rootObject = 6B547E5D1CF06B5200E68504 /* Project object */;
}
